// !$*UTF8*$!
{
	archiveVersion = 1;
	classes = {
	};
	objectVersion = 54;
	objects = {

/* Begin PBXBuildFile section */
		D960037C293827E50009EB3B /* AppDelegate.swift in Sources */ = {isa = PBXBuildFile; fileRef = D960037B293827E50009EB3B /* AppDelegate.swift */; };
		D960037E293827E50009EB3B /* SceneDelegate.swift in Sources */ = {isa = PBXBuildFile; fileRef = D960037D293827E50009EB3B /* SceneDelegate.swift */; };
		D9600380293827E50009EB3B /* ViewController.swift in Sources */ = {isa = PBXBuildFile; fileRef = D960037F293827E50009EB3B /* ViewController.swift */; };
		D9600383293827E50009EB3B /* Main.storyboard in Resources */ = {isa = PBXBuildFile; fileRef = D9600381293827E50009EB3B /* Main.storyboard */; };
		D9600385293827E60009EB3B /* Assets.xcassets in Resources */ = {isa = PBXBuildFile; fileRef = D9600384293827E60009EB3B /* Assets.xcassets */; };
		D9600388293827E60009EB3B /* LaunchScreen.storyboard in Resources */ = {isa = PBXBuildFile; fileRef = D9600386293827E60009EB3B /* LaunchScreen.storyboard */; };
		D9600397293831C30009EB3B /* CoreTelephony.framework in Frameworks */ = {isa = PBXBuildFile; fileRef = D9600396293831C30009EB3B /* CoreTelephony.framework */; };
		D960039B293831D20009EB3B /* SystemConfiguration.framework in Frameworks */ = {isa = PBXBuildFile; fileRef = D960039A293831D20009EB3B /* SystemConfiguration.framework */; };
		D9DD6A1829F24F1500E768CA /* AppGuard.framework in Frameworks */ = {isa = PBXBuildFile; fileRef = D9DD6A1729F24F1500E768CA /* AppGuard.framework */; };
/* End PBXBuildFile section */

/* Begin PBXFileReference section */
		D9600378293827E50009EB3B /* Appguard-Sample.app */ = {isa = PBXFileReference; explicitFileType = wrapper.application; includeInIndex = 0; path = "Appguard-Sample.app"; sourceTree = BUILT_PRODUCTS_DIR; };
		D960037B293827E50009EB3B /* AppDelegate.swift */ = {isa = PBXFileReference; lastKnownFileType = sourcecode.swift; path = AppDelegate.swift; sourceTree = "<group>"; };
		D960037D293827E50009EB3B /* SceneDelegate.swift */ = {isa = PBXFileReference; lastKnownFileType = sourcecode.swift; path = SceneDelegate.swift; sourceTree = "<group>"; };
		D960037F293827E50009EB3B /* ViewController.swift */ = {isa = PBXFileReference; lastKnownFileType = sourcecode.swift; path = ViewController.swift; sourceTree = "<group>"; };
		D9600382293827E50009EB3B /* Base */ = {isa = PBXFileReference; lastKnownFileType = file.storyboard; name = Base; path = Base.lproj/Main.storyboard; sourceTree = "<group>"; };
		D9600384293827E60009EB3B /* Assets.xcassets */ = {isa = PBXFileReference; lastKnownFileType = folder.assetcatalog; path = Assets.xcassets; sourceTree = "<group>"; };
		D9600387293827E60009EB3B /* Base */ = {isa = PBXFileReference; lastKnownFileType = file.storyboard; name = Base; path = Base.lproj/LaunchScreen.storyboard; sourceTree = "<group>"; };
		D9600389293827E60009EB3B /* Info.plist */ = {isa = PBXFileReference; lastKnownFileType = text.plist.xml; path = Info.plist; sourceTree = "<group>"; };
		D960039029382B4D0009EB3B /* libAppGuard.a */ = {isa = PBXFileReference; explicitFileType = archive.ar; path = libAppGuard.a; sourceTree = BUILT_PRODUCTS_DIR; };
		D9600396293831C30009EB3B /* CoreTelephony.framework */ = {isa = PBXFileReference; lastKnownFileType = wrapper.framework; name = CoreTelephony.framework; path = System/Library/Frameworks/CoreTelephony.framework; sourceTree = SDKROOT; };
		D960039A293831D20009EB3B /* SystemConfiguration.framework */ = {isa = PBXFileReference; lastKnownFileType = wrapper.framework; name = SystemConfiguration.framework; path = System/Library/Frameworks/SystemConfiguration.framework; sourceTree = SDKROOT; };
		D9DD6A1729F24F1500E768CA /* AppGuard.framework */ = {isa = PBXFileReference; explicitFileType = wrapper.framework; path = AppGuard.framework; sourceTree = BUILT_PRODUCTS_DIR; };
/* End PBXFileReference section */

/* Begin PBXFrameworksBuildPhase section */
		D9600375293827E50009EB3B /* Frameworks */ = {
			isa = PBXFrameworksBuildPhase;
			buildActionMask = 2147483647;
			files = (
				D9600397293831C30009EB3B /* CoreTelephony.framework in Frameworks */,
				D960039B293831D20009EB3B /* SystemConfiguration.framework in Frameworks */,
				D9DD6A1829F24F1500E768CA /* AppGuard.framework in Frameworks */,
			);
			runOnlyForDeploymentPostprocessing = 0;
		};
/* End PBXFrameworksBuildPhase section */

/* Begin PBXGroup section */
		D960036F293827E50009EB3B = {
			isa = PBXGroup;
			children = (
				D960037A293827E50009EB3B /* Appguard-Sample */,
				D9600379293827E50009EB3B /* Products */,
				D960038F29382B4D0009EB3B /* Frameworks */,
			);
			sourceTree = "<group>";
		};
		D9600379293827E50009EB3B /* Products */ = {
			isa = PBXGroup;
			children = (
				D9600378293827E50009EB3B /* Appguard-Sample.app */,
			);
			name = Products;
			sourceTree = "<group>";
		};
		D960037A293827E50009EB3B /* Appguard-Sample */ = {
			isa = PBXGroup;
			children = (
				D960037B293827E50009EB3B /* AppDelegate.swift */,
				D960037D293827E50009EB3B /* SceneDelegate.swift */,
				D960037F293827E50009EB3B /* ViewController.swift */,
				D9600381293827E50009EB3B /* Main.storyboard */,
				D9600384293827E60009EB3B /* Assets.xcassets */,
				D9600386293827E60009EB3B /* LaunchScreen.storyboard */,
				D9600389293827E60009EB3B /* Info.plist */,
			);
			path = "Appguard-Sample";
			sourceTree = "<group>";
		};
		D960038F29382B4D0009EB3B /* Frameworks */ = {
			isa = PBXGroup;
			children = (
				D9DD6A1729F24F1500E768CA /* AppGuard.framework */,
				D960039A293831D20009EB3B /* SystemConfiguration.framework */,
				D9600396293831C30009EB3B /* CoreTelephony.framework */,
				D960039029382B4D0009EB3B /* libAppGuard.a */,
			);
			name = Frameworks;
			sourceTree = "<group>";
		};
/* End PBXGroup section */

/* Begin PBXNativeTarget section */
		D9600377293827E50009EB3B /* Appguard-Sample */ = {
			isa = PBXNativeTarget;
			buildConfigurationList = D960038C293827E60009EB3B /* Build configuration list for PBXNativeTarget "Appguard-Sample" */;
			buildPhases = (
				D9600374293827E50009EB3B /* Sources */,
				D9600375293827E50009EB3B /* Frameworks */,
				D9600376293827E50009EB3B /* Resources */,
			);
			buildRules = (
			);
			dependencies = (
			);
			name = "Appguard-Sample";
			productName = "Appguard-Sample";
			productReference = D9600378293827E50009EB3B /* Appguard-Sample.app */;
			productType = "com.apple.product-type.application";
		};
/* End PBXNativeTarget section */

/* Begin PBXProject section */
		D9600370293827E50009EB3B /* Project object */ = {
			isa = PBXProject;
			attributes = {
				BuildIndependentTargetsInParallel = 1;
				LastSwiftUpdateCheck = 1400;
				LastUpgradeCheck = 1400;
				TargetAttributes = {
					D9600377293827E50009EB3B = {
						CreatedOnToolsVersion = 14.0.1;
					};
				};
			};
			buildConfigurationList = D9600373293827E50009EB3B /* Build configuration list for PBXProject "Appguard-Sample" */;
			compatibilityVersion = "Xcode 12.0";
			developmentRegion = en;
			hasScannedForEncodings = 0;
			knownRegions = (
				en,
				Base,
			);
			mainGroup = D960036F293827E50009EB3B;
			productRefGroup = D9600379293827E50009EB3B /* Products */;
			projectDirPath = "";
			projectRoot = "";
			targets = (
				D9600377293827E50009EB3B /* Appguard-Sample */,
			);
		};
/* End PBXProject section */

/* Begin PBXResourcesBuildPhase section */
		D9600376293827E50009EB3B /* Resources */ = {
			isa = PBXResourcesBuildPhase;
			buildActionMask = 2147483647;
			files = (
				D9600388293827E60009EB3B /* LaunchScreen.storyboard in Resources */,
				D9600385293827E60009EB3B /* Assets.xcassets in Resources */,
				D9600383293827E50009EB3B /* Main.storyboard in Resources */,
			);
			runOnlyForDeploymentPostprocessing = 0;
		};
/* End PBXResourcesBuildPhase section */

/* Begin PBXSourcesBuildPhase section */
		D9600374293827E50009EB3B /* Sources */ = {
			isa = PBXSourcesBuildPhase;
			buildActionMask = 2147483647;
			files = (
				D9600380293827E50009EB3B /* ViewController.swift in Sources */,
				D960037C293827E50009EB3B /* AppDelegate.swift in Sources */,
				D960037E293827E50009EB3B /* SceneDelegate.swift in Sources */,
			);
			runOnlyForDeploymentPostprocessing = 0;
		};
/* End PBXSourcesBuildPhase section */

/* Begin PBXVariantGroup section */
		D9600381293827E50009EB3B /* Main.storyboard */ = {
			isa = PBXVariantGroup;
			children = (
				D9600382293827E50009EB3B /* Base */,
			);
			name = Main.storyboard;
			sourceTree = "<group>";
		};
		D9600386293827E60009EB3B /* LaunchScreen.storyboard */ = {
			isa = PBXVariantGroup;
			children = (
				D9600387293827E60009EB3B /* Base */,
			);
			name = LaunchScreen.storyboard;
			sourceTree = "<group>";
		};
/* End PBXVariantGroup section */

/* Begin XCBuildConfiguration section */
		D960038A293827E60009EB3B /* Debug */ = {
			isa = XCBuildConfiguration;
			buildSettings = {
				ALWAYS_SEARCH_USER_PATHS = NO;
				CLANG_ANALYZER_NONNULL = YES;
				CLANG_ANALYZER_NUMBER_OBJECT_CONVERSION = YES_AGGRESSIVE;
				CLANG_CXX_LANGUAGE_STANDARD = "gnu++20";
				CLANG_ENABLE_MODULES = YES;
				CLANG_ENABLE_OBJC_ARC = YES;
				CLANG_ENABLE_OBJC_WEAK = YES;
				CLANG_WARN_BLOCK_CAPTURE_AUTORELEASING = YES;
				CLANG_WARN_BOOL_CONVERSION = YES;
				CLANG_WARN_COMMA = YES;
				CLANG_WARN_CONSTANT_CONVERSION = YES;
				CLANG_WARN_DEPRECATED_OBJC_IMPLEMENTATIONS = YES;
				CLANG_WARN_DIRECT_OBJC_ISA_USAGE = YES_ERROR;
				CLANG_WARN_DOCUMENTATION_COMMENTS = YES;
				CLANG_WARN_EMPTY_BODY = YES;
				CLANG_WARN_ENUM_CONVERSION = YES;
				CLANG_WARN_INFINITE_RECURSION = YES;
				CLANG_WARN_INT_CONVERSION = YES;
				CLANG_WARN_NON_LITERAL_NULL_CONVERSION = YES;
				CLANG_WARN_OBJC_IMPLICIT_RETAIN_SELF = YES;
				CLANG_WARN_OBJC_LITERAL_CONVERSION = YES;
				CLANG_WARN_OBJC_ROOT_CLASS = YES_ERROR;
				CLANG_WARN_QUOTED_INCLUDE_IN_FRAMEWORK_HEADER = YES;
				CLANG_WARN_RANGE_LOOP_ANALYSIS = YES;
				CLANG_WARN_STRICT_PROTOTYPES = YES;
				CLANG_WARN_SUSPICIOUS_MOVE = YES;
				CLANG_WARN_UNGUARDED_AVAILABILITY = YES_AGGRESSIVE;
				CLANG_WARN_UNREACHABLE_CODE = YES;
				CLANG_WARN__DUPLICATE_METHOD_MATCH = YES;
				COPY_PHASE_STRIP = NO;
				DEBUG_INFORMATION_FORMAT = dwarf;
				ENABLE_STRICT_OBJC_MSGSEND = YES;
				ENABLE_TESTABILITY = YES;
				GCC_C_LANGUAGE_STANDARD = gnu11;
				GCC_DYNAMIC_NO_PIC = NO;
				GCC_NO_COMMON_BLOCKS = YES;
				GCC_OPTIMIZATION_LEVEL = 0;
				GCC_PREPROCESSOR_DEFINITIONS = (
					"DEBUG=1",
					"$(inherited)",
				);
				GCC_WARN_64_TO_32_BIT_CONVERSION = YES;
				GCC_WARN_ABOUT_RETURN_TYPE = YES_ERROR;
				GCC_WARN_UNDECLARED_SELECTOR = YES;
				GCC_WARN_UNINITIALIZED_AUTOS = YES_AGGRESSIVE;
				GCC_WARN_UNUSED_FUNCTION = YES;
				GCC_WARN_UNUSED_VARIABLE = YES;
				IPHONEOS_DEPLOYMENT_TARGET = 11.0;
				MTL_ENABLE_DEBUG_INFO = INCLUDE_SOURCE;
				MTL_FAST_MATH = YES;
				ONLY_ACTIVE_ARCH = YES;
				SDKROOT = iphoneos;
				SWIFT_ACTIVE_COMPILATION_CONDITIONS = DEBUG;
				SWIFT_OPTIMIZATION_LEVEL = "-Onone";
			};
			name = Debug;
		};
		D960038B293827E60009EB3B /* Release */ = {
			isa = XCBuildConfiguration;
			buildSettings = {
				ALWAYS_SEARCH_USER_PATHS = NO;
				CLANG_ANALYZER_NONNULL = YES;
				CLANG_ANALYZER_NUMBER_OBJECT_CONVERSION = YES_AGGRESSIVE;
				CLANG_CXX_LANGUAGE_STANDARD = "gnu++20";
				CLANG_ENABLE_MODULES = YES;
				CLANG_ENABLE_OBJC_ARC = YES;
				CLANG_ENABLE_OBJC_WEAK = YES;
				CLANG_WARN_BLOCK_CAPTURE_AUTORELEASING = YES;
				CLANG_WARN_BOOL_CONVERSION = YES;
				CLANG_WARN_COMMA = YES;
				CLANG_WARN_CONSTANT_CONVERSION = YES;
				CLANG_WARN_DEPRECATED_OBJC_IMPLEMENTATIONS = YES;
				CLANG_WARN_DIRECT_OBJC_ISA_USAGE = YES_ERROR;
				CLANG_WARN_DOCUMENTATION_COMMENTS = YES;
				CLANG_WARN_EMPTY_BODY = YES;
				CLANG_WARN_ENUM_CONVERSION = YES;
				CLANG_WARN_INFINITE_RECURSION = YES;
				CLANG_WARN_INT_CONVERSION = YES;
				CLANG_WARN_NON_LITERAL_NULL_CONVERSION = YES;
				CLANG_WARN_OBJC_IMPLICIT_RETAIN_SELF = YES;
				CLANG_WARN_OBJC_LITERAL_CONVERSION = YES;
				CLANG_WARN_OBJC_ROOT_CLASS = YES_ERROR;
				CLANG_WARN_QUOTED_INCLUDE_IN_FRAMEWORK_HEADER = YES;
				CLANG_WARN_RANGE_LOOP_ANALYSIS = YES;
				CLANG_WARN_STRICT_PROTOTYPES = YES;
				CLANG_WARN_SUSPICIOUS_MOVE = YES;
				CLANG_WARN_UNGUARDED_AVAILABILITY = YES_AGGRESSIVE;
				CLANG_WARN_UNREACHABLE_CODE = YES;
				CLANG_WARN__DUPLICATE_METHOD_MATCH = YES;
				COPY_PHASE_STRIP = NO;
				DEBUG_INFORMATION_FORMAT = "dwarf-with-dsym";
				ENABLE_NS_ASSERTIONS = NO;
				ENABLE_STRICT_OBJC_MSGSEND = YES;
				GCC_C_LANGUAGE_STANDARD = gnu11;
				GCC_NO_COMMON_BLOCKS = YES;
				GCC_WARN_64_TO_32_BIT_CONVERSION = YES;
				GCC_WARN_ABOUT_RETURN_TYPE = YES_ERROR;
				GCC_WARN_UNDECLARED_SELECTOR = YES;
				GCC_WARN_UNINITIALIZED_AUTOS = YES_AGGRESSIVE;
				GCC_WARN_UNUSED_FUNCTION = YES;
				GCC_WARN_UNUSED_VARIABLE = YES;
				IPHONEOS_DEPLOYMENT_TARGET = 11.0;
				MTL_ENABLE_DEBUG_INFO = NO;
				MTL_FAST_MATH = YES;
				SDKROOT = iphoneos;
				SWIFT_COMPILATION_MODE = wholemodule;
				SWIFT_OPTIMIZATION_LEVEL = "-O";
				VALIDATE_PRODUCT = YES;
			};
			name = Release;
		};
		D960038D293827E60009EB3B /* Debug */ = {
			isa = XCBuildConfiguration;
			buildSettings = {
				ASSETCATALOG_COMPILER_APPICON_NAME = AppIcon;
				ASSETCATALOG_COMPILER_GLOBAL_ACCENT_COLOR_NAME = AccentColor;
				"CODE_SIGN_IDENTITY[sdk=iphoneos*]" = "iPhone Developer";
				CODE_SIGN_STYLE = Manual;
				CURRENT_PROJECT_VERSION = 1;
				DEVELOPMENT_TEAM = "";
				"DEVELOPMENT_TEAM[sdk=iphoneos*]" = 5QHA7JTZ92;
				ENABLE_BITCODE = NO;
				GENERATE_INFOPLIST_FILE = YES;
				INFOPLIST_FILE = "Appguard-Sample/Info.plist";
				INFOPLIST_KEY_CFBundleDisplayName = "AppGuard-Sample-Swift";
				INFOPLIST_KEY_UIApplicationSupportsIndirectInputEvents = YES;
				INFOPLIST_KEY_UILaunchStoryboardName = LaunchScreen;
				INFOPLIST_KEY_UIMainStoryboardFile = Main;
				INFOPLIST_KEY_UISupportedInterfaceOrientations_iPad = "UIInterfaceOrientationPortrait UIInterfaceOrientationPortraitUpsideDown UIInterfaceOrientationLandscapeLeft UIInterfaceOrientationLandscapeRight";
				INFOPLIST_KEY_UISupportedInterfaceOrientations_iPhone = "UIInterfaceOrientationPortrait UIInterfaceOrientationLandscapeLeft UIInterfaceOrientationLandscapeRight";
				LD_RUNPATH_SEARCH_PATHS = (
					"$(inherited)",
					"@executable_path/Frameworks",
				);
				LIBRARY_SEARCH_PATHS = (
					"${PROJECT_DIR}/Appguard-Sample",
					"${PROJECT_DIR}",
				);
				MARKETING_VERSION = 1.4.11;
				OTHER_LDFLAGS = "-lstdc++";
				PRODUCT_BUNDLE_IDENTIFIER = com.nhn.cloud.client.sdk.appguard;
				PRODUCT_NAME = "$(TARGET_NAME)";
				PROVISIONING_PROFILE_SPECIFIER = "";
				"PROVISIONING_PROFILE_SPECIFIER[sdk=iphoneos*]" = "appguard dev 250103";
				SWIFT_EMIT_LOC_STRINGS = YES;
				SWIFT_OBJC_BRIDGING_HEADER = "";
				SWIFT_VERSION = 5.0;
				TARGETED_DEVICE_FAMILY = "1,2";
			};
			name = Debug;
		};
		D960038E293827E60009EB3B /* Release */ = {
			isa = XCBuildConfiguration;
			buildSettings = {
				ASSETCATALOG_COMPILER_APPICON_NAME = AppIcon;
				ASSETCATALOG_COMPILER_GLOBAL_ACCENT_COLOR_NAME = AccentColor;
				"CODE_SIGN_IDENTITY[sdk=iphoneos*]" = "iPhone Developer";
				CODE_SIGN_STYLE = Manual;
				CURRENT_PROJECT_VERSION = 1;
				DEVELOPMENT_TEAM = "";
				"DEVELOPMENT_TEAM[sdk=iphoneos*]" = 5QHA7JTZ92;
				ENABLE_BITCODE = NO;
				GENERATE_INFOPLIST_FILE = YES;
				INFOPLIST_FILE = "Appguard-Sample/Info.plist";
				INFOPLIST_KEY_CFBundleDisplayName = "AppGuard-Sample-Swift";
				INFOPLIST_KEY_UIApplicationSupportsIndirectInputEvents = YES;
				INFOPLIST_KEY_UILaunchStoryboardName = LaunchScreen;
				INFOPLIST_KEY_UIMainStoryboardFile = Main;
				INFOPLIST_KEY_UISupportedInterfaceOrientations_iPad = "UIInterfaceOrientationPortrait UIInterfaceOrientationPortraitUpsideDown UIInterfaceOrientationLandscapeLeft UIInterfaceOrientationLandscapeRight";
				INFOPLIST_KEY_UISupportedInterfaceOrientations_iPhone = "UIInterfaceOrientationPortrait UIInterfaceOrientationLandscapeLeft UIInterfaceOrientationLandscapeRight";
				LD_RUNPATH_SEARCH_PATHS = (
					"$(inherited)",
					"@executable_path/Frameworks",
				);
				LIBRARY_SEARCH_PATHS = (
					"${PROJECT_DIR}/Appguard-Sample",
					"${PROJECT_DIR}",
				);
				MARKETING_VERSION = 1.4.11;
				OTHER_LDFLAGS = "-lstdc++";
				PRODUCT_BUNDLE_IDENTIFIER = com.nhn.cloud.client.sdk.appguard;
				PRODUCT_NAME = "$(TARGET_NAME)";
				PROVISIONING_PROFILE_SPECIFIER = "";
				"PROVISIONING_PROFILE_SPECIFIER[sdk=iphoneos*]" = "appguard dev 250103";
				SWIFT_EMIT_LOC_STRINGS = YES;
				SWIFT_OBJC_BRIDGING_HEADER = "";
				SWIFT_VERSION = 5.0;
				TARGETED_DEVICE_FAMILY = "1,2";
			};
			name = Release;
		};
/* End XCBuildConfiguration section */

/* Begin XCConfigurationList section */
		D9600373293827E50009EB3B /* Build configuration list for PBXProject "Appguard-Sample" */ = {
			isa = XCConfigurationList;
			buildConfigurations = (
				D960038A293827E60009EB3B /* Debug */,
				D960038B293827E60009EB3B /* Release */,
			);
			defaultConfigurationIsVisible = 0;
			defaultConfigurationName = Release;
		};
		D960038C293827E60009EB3B /* Build configuration list for PBXNativeTarget "Appguard-Sample" */ = {
			isa = XCConfigurationList;
			buildConfigurations = (
				D960038D293827E60009EB3B /* Debug */,
				D960038E293827E60009EB3B /* Release */,
			);
			defaultConfigurationIsVisible = 0;
			defaultConfigurationName = Release;
		};
/* End XCConfigurationList section */
	};
	rootObject = D9600370293827E50009EB3B /* Project object */;
}
