// !$*UTF8*$!
{
	archiveVersion = 1;
	classes = {
	};
	objectVersion = 54;
	objects = {

/* Begin PBXAggregateTarget section */
		D960044F29418AD40009EB3B /* CLI-Build */ = {
			isa = PBXAggregateTarget;
			buildConfigurationList = D960045029418AD40009EB3B /* Build configuration list for PBXAggregateTarget "CLI-Build" */;
			buildPhases = (
				D960045329418AE20009EB3B /* ShellScript */,
			);
			dependencies = (
			);
			name = "CLI-Build";
			productName = "CLI-Build";
		};
/* End PBXAggregateTarget section */

/* Begin PBXFileReference section */
		D9600441294169B70009EB3B /* Bundler.py */ = {isa = PBXFileReference; lastKnownFileType = text.script.python; path = Bundler.py; sourceTree = "<group>"; };
		D9600442294169B70009EB3B /* IpaManager.py */ = {isa = PBXFileReference; lastKnownFileType = text.script.python; path = IpaManager.py; sourceTree = "<group>"; };
		D9600443294169B70009EB3B /* .gitignore */ = {isa = PBXFileReference; lastKnownFileType = text; path = .gitignore; sourceTree = "<group>"; };
		D9600444294169B70009EB3B /* Config.py */ = {isa = PBXFileReference; lastKnownFileType = text.script.python; path = Config.py; sourceTree = "<group>"; };
		D9600445294169B70009EB3B /* Unzipper.py */ = {isa = PBXFileReference; lastKnownFileType = text.script.python; path = Unzipper.py; sourceTree = "<group>"; };
		D9600446294169B70009EB3B /* README.md */ = {isa = PBXFileReference; lastKnownFileType = net.daringfireball.markdown; path = README.md; sourceTree = "<group>"; };
		D9600447294169B70009EB3B /* Logger.py */ = {isa = PBXFileReference; lastKnownFileType = text.script.python; path = Logger.py; sourceTree = "<group>"; };
		D9600448294169B70009EB3B /* TargetMachO.py */ = {isa = PBXFileReference; lastKnownFileType = text.script.python; path = TargetMachO.py; sourceTree = "<group>"; };
		D9600449294169B70009EB3B /* AppGuard.py */ = {isa = PBXFileReference; lastKnownFileType = text.script.python; path = AppGuard.py; sourceTree = "<group>"; };
		D960044A294169B70009EB3B /* AppGuardResigner.py */ = {isa = PBXFileReference; lastKnownFileType = text.script.python; path = AppGuardResigner.py; sourceTree = "<group>"; };
		D960044B294169B70009EB3B /* Core.py */ = {isa = PBXFileReference; lastKnownFileType = text.script.python; path = Core.py; sourceTree = "<group>"; };
		D960044C294169B70009EB3B /* Resigner.py */ = {isa = PBXFileReference; lastKnownFileType = text.script.python; path = Resigner.py; sourceTree = "<group>"; };
		D960044D294169B70009EB3B /* certificate */ = {isa = PBXFileReference; lastKnownFileType = folder; path = certificate; sourceTree = "<group>"; };
		D960044E294169B70009EB3B /* IosCLI.py */ = {isa = PBXFileReference; lastKnownFileType = text.script.python; path = IosCLI.py; sourceTree = "<group>"; };
/* End PBXFileReference section */

/* Begin PBXGroup section */
		D96004362941698C0009EB3B = {
			isa = PBXGroup;
			children = (
				D9600443294169B70009EB3B /* .gitignore */,
				D9600449294169B70009EB3B /* AppGuard.py */,
				D960044A294169B70009EB3B /* AppGuardResigner.py */,
				D9600441294169B70009EB3B /* Bundler.py */,
				D960044D294169B70009EB3B /* certificate */,
				D9600444294169B70009EB3B /* Config.py */,
				D960044B294169B70009EB3B /* Core.py */,
				D960044E294169B70009EB3B /* IosCLI.py */,
				D9600442294169B70009EB3B /* IpaManager.py */,
				D9600447294169B70009EB3B /* Logger.py */,
				D9600446294169B70009EB3B /* README.md */,
				D960044C294169B70009EB3B /* Resigner.py */,
				D9600448294169B70009EB3B /* TargetMachO.py */,
				D9600445294169B70009EB3B /* Unzipper.py */,
			);
			sourceTree = "<group>";
		};
/* End PBXGroup section */

/* Begin PBXLegacyTarget section */
		D960043B2941698C0009EB3B /* AppGuard-CLI */ = {
			isa = PBXLegacyTarget;
			buildArgumentsString = "$(ACTION)";
			buildConfigurationList = D960043E2941698C0009EB3B /* Build configuration list for PBXLegacyTarget "AppGuard-CLI" */;
			buildPhases = (
			);
			buildToolPath = /usr/bin/python3;
			buildWorkingDirectory = "";
			dependencies = (
			);
			name = "AppGuard-CLI";
			passBuildSettingsInEnvironment = 1;
			productName = "AppGuard-CLI";
		};
/* End PBXLegacyTarget section */

/* Begin PBXProject section */
		D96004372941698C0009EB3B /* Project object */ = {
			isa = PBXProject;
			attributes = {
				BuildIndependentTargetsInParallel = 1;
				LastUpgradeCheck = 1400;
				TargetAttributes = {
					D960043B2941698C0009EB3B = {
						CreatedOnToolsVersion = 14.0.1;
					};
					D960044F29418AD40009EB3B = {
						CreatedOnToolsVersion = 14.0.1;
					};
				};
			};
			buildConfigurationList = D960043A2941698C0009EB3B /* Build configuration list for PBXProject "AppGuard-CLI" */;
			compatibilityVersion = "Xcode 12.0";
			developmentRegion = en;
			hasScannedForEncodings = 0;
			knownRegions = (
				en,
				Base,
			);
			mainGroup = D96004362941698C0009EB3B;
			projectDirPath = "";
			projectRoot = "";
			targets = (
				D960043B2941698C0009EB3B /* AppGuard-CLI */,
				D960044F29418AD40009EB3B /* CLI-Build */,
			);
		};
/* End PBXProject section */

/* Begin PBXShellScriptBuildPhase section */
		D960045329418AE20009EB3B /* ShellScript */ = {
			isa = PBXShellScriptBuildPhase;
			buildActionMask = 2147483647;
			files = (
			);
			inputFileListPaths = (
			);
			inputPaths = (
			);
			outputFileListPaths = (
			);
			outputPaths = (
			);
			runOnlyForDeploymentPostprocessing = 0;
			shellPath = /bin/sh;
			shellScript = "# Type a script or drag a script file from your workspace to insert its path.\nif [ -d \"./build\" ]; then\n    rm -rf \"./build\"\nfi\n\nif [ -d \"./dist\" ]; then\n    rm -rf \"./dist\"\nfi\n\nif [ -d \"./executable\" ]; then\n    rm -rf \"./executable\"\nfi\nmkdir -p \"./executable\"\n\n./pyinstaller -F IosCLI.py\n\ncp -a \"./dist/IosCLI\" \"./executable/AppGuard_iOS_CLI\"\ncp -a \"./certificate\" \"./executable\"\n\nif [ -d \"./build\" ]; then\n    rm -rf \"./build\"\nfi\n\nif [ -d \"./dist\" ]; then\n    rm -rf \"./dist\"\nfi\n";
		};
/* End PBXShellScriptBuildPhase section */

/* Begin XCBuildConfiguration section */
		D960043C2941698C0009EB3B /* Debug */ = {
			isa = XCBuildConfiguration;
			buildSettings = {
				ALWAYS_SEARCH_USER_PATHS = NO;
				CLANG_ANALYZER_NONNULL = YES;
				CLANG_ANALYZER_NUMBER_OBJECT_CONVERSION = YES_AGGRESSIVE;
				CLANG_CXX_LANGUAGE_STANDARD = "gnu++20";
				CLANG_ENABLE_MODULES = YES;
				CLANG_ENABLE_OBJC_ARC = YES;
				CLANG_ENABLE_OBJC_WEAK = YES;
				CLANG_WARN_BLOCK_CAPTURE_AUTORELEASING = YES;
				CLANG_WARN_BOOL_CONVERSION = YES;
				CLANG_WARN_COMMA = YES;
				CLANG_WARN_CONSTANT_CONVERSION = YES;
				CLANG_WARN_DEPRECATED_OBJC_IMPLEMENTATIONS = YES;
				CLANG_WARN_DIRECT_OBJC_ISA_USAGE = YES_ERROR;
				CLANG_WARN_DOCUMENTATION_COMMENTS = YES;
				CLANG_WARN_EMPTY_BODY = YES;
				CLANG_WARN_ENUM_CONVERSION = YES;
				CLANG_WARN_INFINITE_RECURSION = YES;
				CLANG_WARN_INT_CONVERSION = YES;
				CLANG_WARN_NON_LITERAL_NULL_CONVERSION = YES;
				CLANG_WARN_OBJC_IMPLICIT_RETAIN_SELF = YES;
				CLANG_WARN_OBJC_LITERAL_CONVERSION = YES;
				CLANG_WARN_OBJC_ROOT_CLASS = YES_ERROR;
				CLANG_WARN_QUOTED_INCLUDE_IN_FRAMEWORK_HEADER = YES;
				CLANG_WARN_RANGE_LOOP_ANALYSIS = YES;
				CLANG_WARN_STRICT_PROTOTYPES = YES;
				CLANG_WARN_SUSPICIOUS_MOVE = YES;
				CLANG_WARN_UNGUARDED_AVAILABILITY = YES_AGGRESSIVE;
				CLANG_WARN_UNREACHABLE_CODE = YES;
				CLANG_WARN__DUPLICATE_METHOD_MATCH = YES;
				COPY_PHASE_STRIP = NO;
				DEBUG_INFORMATION_FORMAT = dwarf;
				ENABLE_STRICT_OBJC_MSGSEND = YES;
				ENABLE_TESTABILITY = YES;
				GCC_C_LANGUAGE_STANDARD = gnu11;
				GCC_DYNAMIC_NO_PIC = NO;
				GCC_NO_COMMON_BLOCKS = YES;
				GCC_OPTIMIZATION_LEVEL = 0;
				GCC_PREPROCESSOR_DEFINITIONS = (
					"DEBUG=1",
					"$(inherited)",
				);
				GCC_WARN_64_TO_32_BIT_CONVERSION = YES;
				GCC_WARN_ABOUT_RETURN_TYPE = YES_ERROR;
				GCC_WARN_UNDECLARED_SELECTOR = YES;
				GCC_WARN_UNINITIALIZED_AUTOS = YES_AGGRESSIVE;
				GCC_WARN_UNUSED_FUNCTION = YES;
				GCC_WARN_UNUSED_VARIABLE = YES;
				MTL_ENABLE_DEBUG_INFO = INCLUDE_SOURCE;
				MTL_FAST_MATH = YES;
				ONLY_ACTIVE_ARCH = YES;
			};
			name = Debug;
		};
		D960043D2941698C0009EB3B /* Release */ = {
			isa = XCBuildConfiguration;
			buildSettings = {
				ALWAYS_SEARCH_USER_PATHS = NO;
				CLANG_ANALYZER_NONNULL = YES;
				CLANG_ANALYZER_NUMBER_OBJECT_CONVERSION = YES_AGGRESSIVE;
				CLANG_CXX_LANGUAGE_STANDARD = "gnu++20";
				CLANG_ENABLE_MODULES = YES;
				CLANG_ENABLE_OBJC_ARC = YES;
				CLANG_ENABLE_OBJC_WEAK = YES;
				CLANG_WARN_BLOCK_CAPTURE_AUTORELEASING = YES;
				CLANG_WARN_BOOL_CONVERSION = YES;
				CLANG_WARN_COMMA = YES;
				CLANG_WARN_CONSTANT_CONVERSION = YES;
				CLANG_WARN_DEPRECATED_OBJC_IMPLEMENTATIONS = YES;
				CLANG_WARN_DIRECT_OBJC_ISA_USAGE = YES_ERROR;
				CLANG_WARN_DOCUMENTATION_COMMENTS = YES;
				CLANG_WARN_EMPTY_BODY = YES;
				CLANG_WARN_ENUM_CONVERSION = YES;
				CLANG_WARN_INFINITE_RECURSION = YES;
				CLANG_WARN_INT_CONVERSION = YES;
				CLANG_WARN_NON_LITERAL_NULL_CONVERSION = YES;
				CLANG_WARN_OBJC_IMPLICIT_RETAIN_SELF = YES;
				CLANG_WARN_OBJC_LITERAL_CONVERSION = YES;
				CLANG_WARN_OBJC_ROOT_CLASS = YES_ERROR;
				CLANG_WARN_QUOTED_INCLUDE_IN_FRAMEWORK_HEADER = YES;
				CLANG_WARN_RANGE_LOOP_ANALYSIS = YES;
				CLANG_WARN_STRICT_PROTOTYPES = YES;
				CLANG_WARN_SUSPICIOUS_MOVE = YES;
				CLANG_WARN_UNGUARDED_AVAILABILITY = YES_AGGRESSIVE;
				CLANG_WARN_UNREACHABLE_CODE = YES;
				CLANG_WARN__DUPLICATE_METHOD_MATCH = YES;
				COPY_PHASE_STRIP = NO;
				DEBUG_INFORMATION_FORMAT = "dwarf-with-dsym";
				ENABLE_NS_ASSERTIONS = NO;
				ENABLE_STRICT_OBJC_MSGSEND = YES;
				GCC_C_LANGUAGE_STANDARD = gnu11;
				GCC_NO_COMMON_BLOCKS = YES;
				GCC_WARN_64_TO_32_BIT_CONVERSION = YES;
				GCC_WARN_ABOUT_RETURN_TYPE = YES_ERROR;
				GCC_WARN_UNDECLARED_SELECTOR = YES;
				GCC_WARN_UNINITIALIZED_AUTOS = YES_AGGRESSIVE;
				GCC_WARN_UNUSED_FUNCTION = YES;
				GCC_WARN_UNUSED_VARIABLE = YES;
				MTL_ENABLE_DEBUG_INFO = NO;
				MTL_FAST_MATH = YES;
			};
			name = Release;
		};
		D960043F2941698C0009EB3B /* Debug */ = {
			isa = XCBuildConfiguration;
			buildSettings = {
				CODE_SIGN_STYLE = Automatic;
				DEBUGGING_SYMBOLS = YES;
				DEBUG_INFORMATION_FORMAT = dwarf;
				DEVELOPMENT_TEAM = 5QHA7JTZ92;
				GCC_GENERATE_DEBUGGING_SYMBOLS = YES;
				GCC_OPTIMIZATION_LEVEL = 0;
				OTHER_CFLAGS = "";
				OTHER_LDFLAGS = "";
				PRODUCT_NAME = "$(TARGET_NAME)";
			};
			name = Debug;
		};
		D96004402941698C0009EB3B /* Release */ = {
			isa = XCBuildConfiguration;
			buildSettings = {
				CODE_SIGN_STYLE = Automatic;
				DEBUG_INFORMATION_FORMAT = "dwarf-with-dsym";
				DEVELOPMENT_TEAM = 5QHA7JTZ92;
				OTHER_CFLAGS = "";
				OTHER_LDFLAGS = "";
				PRODUCT_NAME = "$(TARGET_NAME)";
			};
			name = Release;
		};
		D960045129418AD40009EB3B /* Debug */ = {
			isa = XCBuildConfiguration;
			buildSettings = {
				CODE_SIGN_STYLE = Automatic;
				DEVELOPMENT_TEAM = 5QHA7JTZ92;
				PRODUCT_NAME = "$(TARGET_NAME)";
			};
			name = Debug;
		};
		D960045229418AD40009EB3B /* Release */ = {
			isa = XCBuildConfiguration;
			buildSettings = {
				CODE_SIGN_STYLE = Automatic;
				DEVELOPMENT_TEAM = 5QHA7JTZ92;
				PRODUCT_NAME = "$(TARGET_NAME)";
			};
			name = Release;
		};
/* End XCBuildConfiguration section */

/* Begin XCConfigurationList section */
		D960043A2941698C0009EB3B /* Build configuration list for PBXProject "AppGuard-CLI" */ = {
			isa = XCConfigurationList;
			buildConfigurations = (
				D960043C2941698C0009EB3B /* Debug */,
				D960043D2941698C0009EB3B /* Release */,
			);
			defaultConfigurationIsVisible = 0;
			defaultConfigurationName = Release;
		};
		D960043E2941698C0009EB3B /* Build configuration list for PBXLegacyTarget "AppGuard-CLI" */ = {
			isa = XCConfigurationList;
			buildConfigurations = (
				D960043F2941698C0009EB3B /* Debug */,
				D96004402941698C0009EB3B /* Release */,
			);
			defaultConfigurationIsVisible = 0;
			defaultConfigurationName = Release;
		};
		D960045029418AD40009EB3B /* Build configuration list for PBXAggregateTarget "CLI-Build" */ = {
			isa = XCConfigurationList;
			buildConfigurations = (
				D960045129418AD40009EB3B /* Debug */,
				D960045229418AD40009EB3B /* Release */,
			);
			defaultConfigurationIsVisible = 0;
			defaultConfigurationName = Release;
		};
/* End XCConfigurationList section */
	};
	rootObject = D96004372941698C0009EB3B /* Project object */;
}
